
Microsoft Visual Studio Solution File, Format Version 12.00
# Visual Studio 2013
VisualStudioVersion = 12.0.31101.0
MinimumVisualStudioVersion = 10.0.40219.1
Project("{FAE04EC0-301F-11D3-BF4B-00C04F79EFBC}") = "SampleFluxReactDotNet.Web", "SampleFluxReactDotNet.Web\SampleFluxReactDotNet.Web.csproj", "{903077D5-CA58-45B5-ACC6-0EB1AD1ADCDF}"
EndProject
Project("{2150E333-8FDC-42A3-9474-1A3956D46DE8}") = "PublishScripts", "PublishScripts", "{82D8839A-6BA7-47EE-AACB-9FE56F865BDA}"
	ProjectSection(SolutionItems) = preProject
		PublishScripts\AzureWebsitePublishModule.psm1 = PublishScripts\AzureWebsitePublishModule.psm1
		PublishScripts\Publish-WebApplicationWebsite.ps1 = PublishScripts\Publish-WebApplicationWebsite.ps1
	EndProjectSection
EndProject
Project("{2150E333-8FDC-42A3-9474-1A3956D46DE8}") = "Configurations", "Configurations", "{161C057B-ED2B-4B94-A106-B7F280CC90CD}"
	ProjectSection(SolutionItems) = preProject
		PublishScripts\Configurations\SampleFluxReactDotNetWeb-WAWS-dev.json = PublishScripts\Configurations\SampleFluxReactDotNetWeb-WAWS-dev.json
	EndProjectSection
EndProject
Project("{FAE04EC0-301F-11D3-BF4B-00C04F79EFBC}") = "SampleFluxReactDotNet.Core", "SampleFluxReactDotNet.Core\SampleFluxReactDotNet.Core.csproj", "{FD0B869B-19B4-43DD-8313-916B2685A82E}"
EndProject
Global
	GlobalSection(SolutionConfigurationPlatforms) = preSolution
		Debug|Any CPU = Debug|Any CPU
		Release|Any CPU = Release|Any CPU
	EndGlobalSection
	GlobalSection(ProjectConfigurationPlatforms) = postSolution
		{903077D5-CA58-45B5-ACC6-0EB1AD1ADCDF}.Debug|Any CPU.ActiveCfg = Debug|Any CPU
		{903077D5-CA58-45B5-ACC6-0EB1AD1ADCDF}.Debug|Any CPU.Build.0 = Debug|Any CPU
		{903077D5-CA58-45B5-ACC6-0EB1AD1ADCDF}.Release|Any CPU.ActiveCfg = Release|Any CPU
		{903077D5-CA58-45B5-ACC6-0EB1AD1ADCDF}.Release|Any CPU.Build.0 = Release|Any CPU
		{FD0B869B-19B4-43DD-8313-916B2685A82E}.Debug|Any CPU.ActiveCfg = Debug|Any CPU
		{FD0B869B-19B4-43DD-8313-916B2685A82E}.Debug|Any CPU.Build.0 = Debug|Any CPU
		{FD0B869B-19B4-43DD-8313-916B2685A82E}.Release|Any CPU.ActiveCfg = Release|Any CPU
		{FD0B869B-19B4-43DD-8313-916B2685A82E}.Release|Any CPU.Build.0 = Release|Any CPU
	EndGlobalSection
	GlobalSection(SolutionProperties) = preSolution
		HideSolutionNode = FALSE
	EndGlobalSection
	GlobalSection(NestedProjects) = preSolution
		{161C057B-ED2B-4B94-A106-B7F280CC90CD} = {82D8839A-6BA7-47EE-AACB-9FE56F865BDA}
	EndGlobalSection
EndGlobal
